{
  "name": "video-api-aws-moderation",
  "version": "1.0.0",
  "lockfileVersion": 1,
  "requires": true,
  "dependencies": {
    "@opentok/client": {
      "version": "2.19.3",
      "resolved": "https://registry.npmjs.org/@opentok/client/-/client-2.19.3.tgz",
      "integrity": "sha512-4wkuo2SrbkaI9079UBYYtTtTaFihdezFOgVf3cvWTiY9i987H4r1vkQ7ezHr4YizUINSUadoe6Y3sDGcyR4aUQ=="
    }
  }
}
