{
  "name": "video-api-aws-moderation",
  "version": "1.0.0",
  "lockfileVersion": 1,
  "requires": true,
  "dependencies": {
    "dynamodb-toolbox": {
      "version": "0.3.3",
      "resolved": "https://registry.npmjs.org/dynamodb-toolbox/-/dynamodb-toolbox-0.3.3.tgz",
      "integrity": "sha512-6kA+H5rve1OI38XTHbBa06kf+EIzEItxJW/3MoCqhi3YAXdk4uxPIbEu0f+xyd/s8fQRBF7i7ibJnICpDY6g2Q=="
    }
  }
}
